PODS:
  - DGCharts (5.0.0):
    - DGCharts/Core (= 5.0.0)
  - DGCharts/Core (5.0.0)
  - Kingfisher (7.9.1)
  - R.swift (7.3.2)

DEPENDENCIES:
  - DGCharts (~> 5.0)
  - Kingfisher (~> 7.0)
  - R.swift (~> 7.0)

SPEC REPOS:
  trunk:
    - DGCharts
    - Kingfisher
    - R.swift

SPEC CHECKSUMS:
  DGCharts: 6e0cf2644e8f81ad13f04caa8bc18502870a1c54
  Kingfisher: 1d14e9f59cbe19389f591c929000332bf70efd32
  R.swift: 0af0d882f49f03711415cb4e5215daa977d8a480

PODFILE CHECKSUM: faca4839911c9f8a2535932d8ddad418bcb2c3e0

COCOAPODS: 1.12.1
